
Microsoft Visual Studio Solution File, Format Version 12.00
# Visual Studio 15
VisualStudioVersion = 15.0.27004.2006
MinimumVisualStudioVersion = 10.0.40219.1
Project("{9A19103F-16F7-4668-BE54-9A1E7A4F7556}") = "User.API", "User.API\User.API.csproj", "{8EEA0FF4-B3B7-4F3D-A895-F524FF9E4C54}"
EndProject
Project("{2150E333-8FDC-42A3-9474-1A3956D46DE8}") = "Tests", "Tests", "{5EC3FB2E-EAFC-4396-BE11-5C31A34F6CD1}"
EndProject
Project("{FAE04EC0-301F-11D3-BF4B-00C04F79EFBC}") = "User.API.UnitTest", "User.API.UnitTest\User.API.UnitTest.csproj", "{021BAE87-C8B0-4F09-9A5F-E27578464713}"
EndProject
Global
	GlobalSection(SolutionConfigurationPlatforms) = preSolution
		Debug|Any CPU = Debug|Any CPU
		Release|Any CPU = Release|Any CPU
	EndGlobalSection
	GlobalSection(ProjectConfigurationPlatforms) = postSolution
		{8EEA0FF4-B3B7-4F3D-A895-F524FF9E4C54}.Debug|Any CPU.ActiveCfg = Debug|Any CPU
		{8EEA0FF4-B3B7-4F3D-A895-F524FF9E4C54}.Debug|Any CPU.Build.0 = Debug|Any CPU
		{8EEA0FF4-B3B7-4F3D-A895-F524FF9E4C54}.Release|Any CPU.ActiveCfg = Release|Any CPU
		{8EEA0FF4-B3B7-4F3D-A895-F524FF9E4C54}.Release|Any CPU.Build.0 = Release|Any CPU
		{021BAE87-C8B0-4F09-9A5F-E27578464713}.Debug|Any CPU.ActiveCfg = Debug|Any CPU
		{021BAE87-C8B0-4F09-9A5F-E27578464713}.Debug|Any CPU.Build.0 = Debug|Any CPU
		{021BAE87-C8B0-4F09-9A5F-E27578464713}.Release|Any CPU.ActiveCfg = Release|Any CPU
		{021BAE87-C8B0-4F09-9A5F-E27578464713}.Release|Any CPU.Build.0 = Release|Any CPU
	EndGlobalSection
	GlobalSection(SolutionProperties) = preSolution
		HideSolutionNode = FALSE
	EndGlobalSection
	GlobalSection(NestedProjects) = preSolution
		{021BAE87-C8B0-4F09-9A5F-E27578464713} = {5EC3FB2E-EAFC-4396-BE11-5C31A34F6CD1}
	EndGlobalSection
	GlobalSection(ExtensibilityGlobals) = postSolution
		SolutionGuid = {8CAB6797-8AEA-47AD-A3FB-D62B9D381336}
	EndGlobalSection
EndGlobal
